
Microsoft Visual Studio Solution File, Format Version 12.00
# Visual Studio Version 17
VisualStudioVersion = 17.11.35327.3
MinimumVisualStudioVersion = 10.0.40219.1
Project("{FAE04EC0-301F-11D3-BF4B-00C04F79EFBC}") = "ProductManager", "Ave Datagrid\ProductManager.csproj", "{3322EB56-CB26-4566-9F03-AD138399EB75}"
EndProject
Global
	GlobalSection(SolutionConfigurationPlatforms) = preSolution
		Debug|Any CPU = Debug|Any CPU
		Release|Any CPU = Release|Any CPU
	EndGlobalSection
	GlobalSection(ProjectConfigurationPlatforms) = postSolution
		{3322EB56-CB26-4566-9F03-AD138399EB75}.Debug|Any CPU.ActiveCfg = Debug|Any CPU
		{3322EB56-CB26-4566-9F03-AD138399EB75}.Debug|Any CPU.Build.0 = Debug|Any CPU
		{3322EB56-CB26-4566-9F03-AD138399EB75}.Release|Any CPU.ActiveCfg = Release|Any CPU
		{3322EB56-CB26-4566-9F03-AD138399EB75}.Release|Any CPU.Build.0 = Release|Any CPU
	EndGlobalSection
	GlobalSection(SolutionProperties) = preSolution
		HideSolutionNode = FALSE
	EndGlobalSection
	GlobalSection(ExtensibilityGlobals) = postSolution
		SolutionGuid = {9615C74E-B962-4E85-9713-EC4259A51811}
	EndGlobalSection
EndGlobal
